Microsoft Visual Studio Solution File, Format Version 12.00
# Visual Studio 15
VisualStudioVersion = 15.0.26730.16
MinimumVisualStudioVersion = 10.0.40219.1
Project("{9A19103F-16F7-4668-BE54-9A1E7A4F7556}") = "ItsBot", "ItsBot\ItsBot.csproj", "{8E531C6B-2D37-4BDD-B384-B01DFD7D24EF}"
EndProject
Project("{9A19103F-16F7-4668-BE54-9A1E7A4F7556}") = "ItsBot.Tests", "ItsBotTests\ItsBot.Tests.csproj", "{79FF2914-3A99-40C0-A471-0A9F322D1C83}"
EndProject
Project("{9A19103F-16F7-4668-BE54-9A1E7A4F7556}") = "BotApp", "BotApp\BotApp.csproj", "{89BA25F3-ED77-4FC0-97DD-F98447CE34E8}"
EndProject
Project("{9A19103F-16F7-4668-BE54-9A1E7A4F7556}") = "ItsBotApi", "ItsBotApi\ItsBotApi.csproj", "{D6B11338-058E-441F-8DC5-6A89AFDCF3C8}"
EndProject
Project("{FAE04EC0-301F-11D3-BF4B-00C04F79EFBC}") = "ItsBotApi.Tests", "ItsBotApi.Tests\ItsBotApi.Tests.csproj", "{601F221D-AEA2-4A71-B8CA-B72A822A3911}"
EndProject
Global
	GlobalSection(SolutionConfigurationPlatforms) = preSolution
		Debug|Any CPU = Debug|Any CPU
		Release|Any CPU = Release|Any CPU
	EndGlobalSection
	GlobalSection(ProjectConfigurationPlatforms) = postSolution
		{8E531C6B-2D37-4BDD-B384-B01DFD7D24EF}.Debug|Any CPU.ActiveCfg = Debug|Any CPU
		{8E531C6B-2D37-4BDD-B384-B01DFD7D24EF}.Debug|Any CPU.Build.0 = Debug|Any CPU
		{8E531C6B-2D37-4BDD-B384-B01DFD7D24EF}.Release|Any CPU.ActiveCfg = Release|Any CPU
		{8E531C6B-2D37-4BDD-B384-B01DFD7D24EF}.Release|Any CPU.Build.0 = Release|Any CPU
		{79FF2914-3A99-40C0-A471-0A9F322D1C83}.Debug|Any CPU.ActiveCfg = Debug|Any CPU
		{79FF2914-3A99-40C0-A471-0A9F322D1C83}.Debug|Any CPU.Build.0 = Debug|Any CPU
		{79FF2914-3A99-40C0-A471-0A9F322D1C83}.Release|Any CPU.ActiveCfg = Release|Any CPU
		{79FF2914-3A99-40C0-A471-0A9F322D1C83}.Release|Any CPU.Build.0 = Release|Any CPU
		{89BA25F3-ED77-4FC0-97DD-F98447CE34E8}.Debug|Any CPU.ActiveCfg = Debug|Any CPU
		{89BA25F3-ED77-4FC0-97DD-F98447CE34E8}.Debug|Any CPU.Build.0 = Debug|Any CPU
		{89BA25F3-ED77-4FC0-97DD-F98447CE34E8}.Release|Any CPU.ActiveCfg = Release|Any CPU
		{89BA25F3-ED77-4FC0-97DD-F98447CE34E8}.Release|Any CPU.Build.0 = Release|Any CPU
		{D6B11338-058E-441F-8DC5-6A89AFDCF3C8}.Debug|Any CPU.ActiveCfg = Debug|Any CPU
		{D6B11338-058E-441F-8DC5-6A89AFDCF3C8}.Debug|Any CPU.Build.0 = Debug|Any CPU
		{D6B11338-058E-441F-8DC5-6A89AFDCF3C8}.Release|Any CPU.ActiveCfg = Release|Any CPU
		{D6B11338-058E-441F-8DC5-6A89AFDCF3C8}.Release|Any CPU.Build.0 = Release|Any CPU
		{601F221D-AEA2-4A71-B8CA-B72A822A3911}.Debug|Any CPU.ActiveCfg = Debug|Any CPU
		{601F221D-AEA2-4A71-B8CA-B72A822A3911}.Debug|Any CPU.Build.0 = Debug|Any CPU
		{601F221D-AEA2-4A71-B8CA-B72A822A3911}.Release|Any CPU.ActiveCfg = Release|Any CPU
		{601F221D-AEA2-4A71-B8CA-B72A822A3911}.Release|Any CPU.Build.0 = Release|Any CPU
	EndGlobalSection
	GlobalSection(SolutionProperties) = preSolution
		HideSolutionNode = FALSE
	EndGlobalSection
	GlobalSection(ExtensibilityGlobals) = postSolution
		SolutionGuid = {CF18F39D-B8DD-4F0B-B75E-D066BE7E67EF}
	EndGlobalSection
EndGlobal
